// !$*UTF8*$!
{
	archiveVersion = 1;
	classes = {
	};
	objectVersion = 50;
	objects = {

/* Begin PBXBuildFile section */
		BD4F3E1B2741D95F00B42142 /* AppDelegate.swift in Sources */ = {isa = PBXBuildFile; fileRef = BD4F3E1A2741D95F00B42142 /* AppDelegate.swift */; };
		BD4F3E1D2741D95F00B42142 /* SceneDelegate.swift in Sources */ = {isa = PBXBuildFile; fileRef = BD4F3E1C2741D95F00B42142 /* SceneDelegate.swift */; };
		BD4F3E1F2741D95F00B42142 /* ViewController.swift in Sources */ = {isa = PBXBuildFile; fileRef = BD4F3E1E2741D95F00B42142 /* ViewController.swift */; };
		BD4F3E222741D95F00B42142 /* Main.storyboard in Resources */ = {isa = PBXBuildFile; fileRef = BD4F3E202741D95F00B42142 /* Main.storyboard */; };
		BD4F3E242741D95F00B42142 /* Assets.xcassets in Resources */ = {isa = PBXBuildFile; fileRef = BD4F3E232741D95F00B42142 /* Assets.xcassets */; };
		BD4F3E272741D95F00B42142 /* LaunchScreen.storyboard in Resources */ = {isa = PBXBuildFile; fileRef = BD4F3E252741D95F00B42142 /* LaunchScreen.storyboard */; };
		BD4F3E322741D95F00B42142 /* CoreMLDemoTests.swift in Sources */ = {isa = PBXBuildFile; fileRef = BD4F3E312741D95F00B42142 /* CoreMLDemoTests.swift */; };
		BD4F3E3D2741D95F00B42142 /* CoreMLDemoUITests.swift in Sources */ = {isa = PBXBuildFile; fileRef = BD4F3E3C2741D95F00B42142 /* CoreMLDemoUITests.swift */; };
		BD4F3E4E2741DCE800B42142 /* GoogLeNetPlaces.mlmodel in Sources */ = {isa = PBXBuildFile; fileRef = BD4F3E4D2741DCE800B42142 /* GoogLeNetPlaces.mlmodel */; };
		BD4F3E532741DDE900B42142 /* Extensions.swift in Sources */ = {isa = PBXBuildFile; fileRef = BD4F3E522741DDE900B42142 /* Extensions.swift */; };
/* End PBXBuildFile section */

/* Begin PBXContainerItemProxy section */
		BD4F3E2E2741D95F00B42142 /* PBXContainerItemProxy */ = {
			isa = PBXContainerItemProxy;
			containerPortal = BD4F3E0F2741D95F00B42142 /* Project object */;
			proxyType = 1;
			remoteGlobalIDString = BD4F3E162741D95F00B42142;
			remoteInfo = CoreMLDemo;
		};
		BD4F3E392741D95F00B42142 /* PBXContainerItemProxy */ = {
			isa = PBXContainerItemProxy;
			containerPortal = BD4F3E0F2741D95F00B42142 /* Project object */;
			proxyType = 1;
			remoteGlobalIDString = BD4F3E162741D95F00B42142;
			remoteInfo = CoreMLDemo;
		};
/* End PBXContainerItemProxy section */

/* Begin PBXFileReference section */
		BD4F3E172741D95F00B42142 /* CoreMLDemo.app */ = {isa = PBXFileReference; explicitFileType = wrapper.application; includeInIndex = 0; path = CoreMLDemo.app; sourceTree = BUILT_PRODUCTS_DIR; };
		BD4F3E1A2741D95F00B42142 /* AppDelegate.swift */ = {isa = PBXFileReference; lastKnownFileType = sourcecode.swift; path = AppDelegate.swift; sourceTree = "<group>"; };
		BD4F3E1C2741D95F00B42142 /* SceneDelegate.swift */ = {isa = PBXFileReference; lastKnownFileType = sourcecode.swift; path = SceneDelegate.swift; sourceTree = "<group>"; };
		BD4F3E1E2741D95F00B42142 /* ViewController.swift */ = {isa = PBXFileReference; lastKnownFileType = sourcecode.swift; path = ViewController.swift; sourceTree = "<group>"; };
		BD4F3E212741D95F00B42142 /* Base */ = {isa = PBXFileReference; lastKnownFileType = file.storyboard; name = Base; path = Base.lproj/Main.storyboard; sourceTree = "<group>"; };
		BD4F3E232741D95F00B42142 /* Assets.xcassets */ = {isa = PBXFileReference; lastKnownFileType = folder.assetcatalog; path = Assets.xcassets; sourceTree = "<group>"; };
		BD4F3E262741D95F00B42142 /* Base */ = {isa = PBXFileReference; lastKnownFileType = file.storyboard; name = Base; path = Base.lproj/LaunchScreen.storyboard; sourceTree = "<group>"; };
		BD4F3E282741D95F00B42142 /* Info.plist */ = {isa = PBXFileReference; lastKnownFileType = text.plist.xml; path = Info.plist; sourceTree = "<group>"; };
		BD4F3E2D2741D95F00B42142 /* CoreMLDemoTests.xctest */ = {isa = PBXFileReference; explicitFileType = wrapper.cfbundle; includeInIndex = 0; path = CoreMLDemoTests.xctest; sourceTree = BUILT_PRODUCTS_DIR; };
		BD4F3E312741D95F00B42142 /* CoreMLDemoTests.swift */ = {isa = PBXFileReference; lastKnownFileType = sourcecode.swift; path = CoreMLDemoTests.swift; sourceTree = "<group>"; };
		BD4F3E332741D95F00B42142 /* Info.plist */ = {isa = PBXFileReference; lastKnownFileType = text.plist.xml; path = Info.plist; sourceTree = "<group>"; };
		BD4F3E382741D95F00B42142 /* CoreMLDemoUITests.xctest */ = {isa = PBXFileReference; explicitFileType = wrapper.cfbundle; includeInIndex = 0; path = CoreMLDemoUITests.xctest; sourceTree = BUILT_PRODUCTS_DIR; };
		BD4F3E3C2741D95F00B42142 /* CoreMLDemoUITests.swift */ = {isa = PBXFileReference; lastKnownFileType = sourcecode.swift; path = CoreMLDemoUITests.swift; sourceTree = "<group>"; };
		BD4F3E3E2741D95F00B42142 /* Info.plist */ = {isa = PBXFileReference; lastKnownFileType = text.plist.xml; path = Info.plist; sourceTree = "<group>"; };
		BD4F3E4D2741DCE800B42142 /* GoogLeNetPlaces.mlmodel */ = {isa = PBXFileReference; lastKnownFileType = file.mlmodel; path = GoogLeNetPlaces.mlmodel; sourceTree = "<group>"; };
		BD4F3E522741DDE900B42142 /* Extensions.swift */ = {isa = PBXFileReference; fileEncoding = 4; lastKnownFileType = sourcecode.swift; path = Extensions.swift; sourceTree = "<group>"; };
/* End PBXFileReference section */

/* Begin PBXFrameworksBuildPhase section */
		BD4F3E142741D95F00B42142 /* Frameworks */ = {
			isa = PBXFrameworksBuildPhase;
			buildActionMask = 2147483647;
			files = (
			);
			runOnlyForDeploymentPostprocessing = 0;
		};
		BD4F3E2A2741D95F00B42142 /* Frameworks */ = {
			isa = PBXFrameworksBuildPhase;
			buildActionMask = 2147483647;
			files = (
			);
			runOnlyForDeploymentPostprocessing = 0;
		};
		BD4F3E352741D95F00B42142 /* Frameworks */ = {
			isa = PBXFrameworksBuildPhase;
			buildActionMask = 2147483647;
			files = (
			);
			runOnlyForDeploymentPostprocessing = 0;
		};
/* End PBXFrameworksBuildPhase section */

/* Begin PBXGroup section */
		BD4F3E0E2741D95F00B42142 = {
			isa = PBXGroup;
			children = (
				BD4F3E192741D95F00B42142 /* CoreMLDemo */,
				BD4F3E302741D95F00B42142 /* CoreMLDemoTests */,
				BD4F3E3B2741D95F00B42142 /* CoreMLDemoUITests */,
				BD4F3E182741D95F00B42142 /* Products */,
			);
			sourceTree = "<group>";
		};
		BD4F3E182741D95F00B42142 /* Products */ = {
			isa = PBXGroup;
			children = (
				BD4F3E172741D95F00B42142 /* CoreMLDemo.app */,
				BD4F3E2D2741D95F00B42142 /* CoreMLDemoTests.xctest */,
				BD4F3E382741D95F00B42142 /* CoreMLDemoUITests.xctest */,
			);
			name = Products;
			sourceTree = "<group>";
		};
		BD4F3E192741D95F00B42142 /* CoreMLDemo */ = {
			isa = PBXGroup;
			children = (
				BD4F3E4D2741DCE800B42142 /* GoogLeNetPlaces.mlmodel */,
				BD4F3E522741DDE900B42142 /* Extensions.swift */,
				BD4F3E1A2741D95F00B42142 /* AppDelegate.swift */,
				BD4F3E1C2741D95F00B42142 /* SceneDelegate.swift */,
				BD4F3E1E2741D95F00B42142 /* ViewController.swift */,
				BD4F3E202741D95F00B42142 /* Main.storyboard */,
				BD4F3E232741D95F00B42142 /* Assets.xcassets */,
				BD4F3E252741D95F00B42142 /* LaunchScreen.storyboard */,
				BD4F3E282741D95F00B42142 /* Info.plist */,
			);
			path = CoreMLDemo;
			sourceTree = "<group>";
		};
		BD4F3E302741D95F00B42142 /* CoreMLDemoTests */ = {
			isa = PBXGroup;
			children = (
				BD4F3E312741D95F00B42142 /* CoreMLDemoTests.swift */,
				BD4F3E332741D95F00B42142 /* Info.plist */,
			);
			path = CoreMLDemoTests;
			sourceTree = "<group>";
		};
		BD4F3E3B2741D95F00B42142 /* CoreMLDemoUITests */ = {
			isa = PBXGroup;
			children = (
				BD4F3E3C2741D95F00B42142 /* CoreMLDemoUITests.swift */,
				BD4F3E3E2741D95F00B42142 /* Info.plist */,
			);
			path = CoreMLDemoUITests;
			sourceTree = "<group>";
		};
/* End PBXGroup section */

/* Begin PBXNativeTarget section */
		BD4F3E162741D95F00B42142 /* CoreMLDemo */ = {
			isa = PBXNativeTarget;
			buildConfigurationList = BD4F3E412741D96000B42142 /* Build configuration list for PBXNativeTarget "CoreMLDemo" */;
			buildPhases = (
				BD4F3E132741D95F00B42142 /* Sources */,
				BD4F3E142741D95F00B42142 /* Frameworks */,
				BD4F3E152741D95F00B42142 /* Resources */,
			);
			buildRules = (
			);
			dependencies = (
			);
			name = CoreMLDemo;
			productName = CoreMLDemo;
			productReference = BD4F3E172741D95F00B42142 /* CoreMLDemo.app */;
			productType = "com.apple.product-type.application";
		};
		BD4F3E2C2741D95F00B42142 /* CoreMLDemoTests */ = {
			isa = PBXNativeTarget;
			buildConfigurationList = BD4F3E442741D96000B42142 /* Build configuration list for PBXNativeTarget "CoreMLDemoTests" */;
			buildPhases = (
				BD4F3E292741D95F00B42142 /* Sources */,
				BD4F3E2A2741D95F00B42142 /* Frameworks */,
				BD4F3E2B2741D95F00B42142 /* Resources */,
			);
			buildRules = (
			);
			dependencies = (
				BD4F3E2F2741D95F00B42142 /* PBXTargetDependency */,
			);
			name = CoreMLDemoTests;
			productName = CoreMLDemoTests;
			productReference = BD4F3E2D2741D95F00B42142 /* CoreMLDemoTests.xctest */;
			productType = "com.apple.product-type.bundle.unit-test";
		};
		BD4F3E372741D95F00B42142 /* CoreMLDemoUITests */ = {
			isa = PBXNativeTarget;
			buildConfigurationList = BD4F3E472741D96000B42142 /* Build configuration list for PBXNativeTarget "CoreMLDemoUITests" */;
			buildPhases = (
				BD4F3E342741D95F00B42142 /* Sources */,
				BD4F3E352741D95F00B42142 /* Frameworks */,
				BD4F3E362741D95F00B42142 /* Resources */,
			);
			buildRules = (
			);
			dependencies = (
				BD4F3E3A2741D95F00B42142 /* PBXTargetDependency */,
			);
			name = CoreMLDemoUITests;
			productName = CoreMLDemoUITests;
			productReference = BD4F3E382741D95F00B42142 /* CoreMLDemoUITests.xctest */;
			productType = "com.apple.product-type.bundle.ui-testing";
		};
/* End PBXNativeTarget section */

/* Begin PBXProject section */
		BD4F3E0F2741D95F00B42142 /* Project object */ = {
			isa = PBXProject;
			attributes = {
				LastSwiftUpdateCheck = 1240;
				LastUpgradeCheck = 1240;
				TargetAttributes = {
					BD4F3E162741D95F00B42142 = {
						CreatedOnToolsVersion = 12.4;
					};
					BD4F3E2C2741D95F00B42142 = {
						CreatedOnToolsVersion = 12.4;
						TestTargetID = BD4F3E162741D95F00B42142;
					};
					BD4F3E372741D95F00B42142 = {
						CreatedOnToolsVersion = 12.4;
						TestTargetID = BD4F3E162741D95F00B42142;
					};
				};
			};
			buildConfigurationList = BD4F3E122741D95F00B42142 /* Build configuration list for PBXProject "CoreMLDemo" */;
			compatibilityVersion = "Xcode 9.3";
			developmentRegion = en;
			hasScannedForEncodings = 0;
			knownRegions = (
				en,
				Base,
			);
			mainGroup = BD4F3E0E2741D95F00B42142;
			productRefGroup = BD4F3E182741D95F00B42142 /* Products */;
			projectDirPath = "";
			projectRoot = "";
			targets = (
				BD4F3E162741D95F00B42142 /* CoreMLDemo */,
				BD4F3E2C2741D95F00B42142 /* CoreMLDemoTests */,
				BD4F3E372741D95F00B42142 /* CoreMLDemoUITests */,
			);
		};
/* End PBXProject section */

/* Begin PBXResourcesBuildPhase section */
		BD4F3E152741D95F00B42142 /* Resources */ = {
			isa = PBXResourcesBuildPhase;
			buildActionMask = 2147483647;
			files = (
				BD4F3E272741D95F00B42142 /* LaunchScreen.storyboard in Resources */,
				BD4F3E242741D95F00B42142 /* Assets.xcassets in Resources */,
				BD4F3E222741D95F00B42142 /* Main.storyboard in Resources */,
			);
			runOnlyForDeploymentPostprocessing = 0;
		};
		BD4F3E2B2741D95F00B42142 /* Resources */ = {
			isa = PBXResourcesBuildPhase;
			buildActionMask = 2147483647;
			files = (
			);
			runOnlyForDeploymentPostprocessing = 0;
		};
		BD4F3E362741D95F00B42142 /* Resources */ = {
			isa = PBXResourcesBuildPhase;
			buildActionMask = 2147483647;
			files = (
			);
			runOnlyForDeploymentPostprocessing = 0;
		};
/* End PBXResourcesBuildPhase section */

/* Begin PBXSourcesBuildPhase section */
		BD4F3E132741D95F00B42142 /* Sources */ = {
			isa = PBXSourcesBuildPhase;
			buildActionMask = 2147483647;
			files = (
				BD4F3E532741DDE900B42142 /* Extensions.swift in Sources */,
				BD4F3E1F2741D95F00B42142 /* ViewController.swift in Sources */,
				BD4F3E1B2741D95F00B42142 /* AppDelegate.swift in Sources */,
				BD4F3E1D2741D95F00B42142 /* SceneDelegate.swift in Sources */,
				BD4F3E4E2741DCE800B42142 /* GoogLeNetPlaces.mlmodel in Sources */,
			);
			runOnlyForDeploymentPostprocessing = 0;
		};
		BD4F3E292741D95F00B42142 /* Sources */ = {
			isa = PBXSourcesBuildPhase;
			buildActionMask = 2147483647;
			files = (
				BD4F3E322741D95F00B42142 /* CoreMLDemoTests.swift in Sources */,
			);
			runOnlyForDeploymentPostprocessing = 0;
		};
		BD4F3E342741D95F00B42142 /* Sources */ = {
			isa = PBXSourcesBuildPhase;
			buildActionMask = 2147483647;
			files = (
				BD4F3E3D2741D95F00B42142 /* CoreMLDemoUITests.swift in Sources */,
			);
			runOnlyForDeploymentPostprocessing = 0;
		};
/* End PBXSourcesBuildPhase section */

/* Begin PBXTargetDependency section */
		BD4F3E2F2741D95F00B42142 /* PBXTargetDependency */ = {
			isa = PBXTargetDependency;
			target = BD4F3E162741D95F00B42142 /* CoreMLDemo */;
			targetProxy = BD4F3E2E2741D95F00B42142 /* PBXContainerItemProxy */;
		};
		BD4F3E3A2741D95F00B42142 /* PBXTargetDependency */ = {
			isa = PBXTargetDependency;
			target = BD4F3E162741D95F00B42142 /* CoreMLDemo */;
			targetProxy = BD4F3E392741D95F00B42142 /* PBXContainerItemProxy */;
		};
/* End PBXTargetDependency section */

/* Begin PBXVariantGroup section */
		BD4F3E202741D95F00B42142 /* Main.storyboard */ = {
			isa = PBXVariantGroup;
			children = (
				BD4F3E212741D95F00B42142 /* Base */,
			);
			name = Main.storyboard;
			sourceTree = "<group>";
		};
		BD4F3E252741D95F00B42142 /* LaunchScreen.storyboard */ = {
			isa = PBXVariantGroup;
			children = (
				BD4F3E262741D95F00B42142 /* Base */,
			);
			name = LaunchScreen.storyboard;
			sourceTree = "<group>";
		};
/* End PBXVariantGroup section */

/* Begin XCBuildConfiguration section */
		BD4F3E3F2741D96000B42142 /* Debug */ = {
			isa = XCBuildConfiguration;
			buildSettings = {
				ALWAYS_SEARCH_USER_PATHS = NO;
				CLANG_ANALYZER_NONNULL = YES;
				CLANG_ANALYZER_NUMBER_OBJECT_CONVERSION = YES_AGGRESSIVE;
				CLANG_CXX_LANGUAGE_STANDARD = "gnu++14";
				CLANG_CXX_LIBRARY = "libc++";
				CLANG_ENABLE_MODULES = YES;
				CLANG_ENABLE_OBJC_ARC = YES;
				CLANG_ENABLE_OBJC_WEAK = YES;
				CLANG_WARN_BLOCK_CAPTURE_AUTORELEASING = YES;
				CLANG_WARN_BOOL_CONVERSION = YES;
				CLANG_WARN_COMMA = YES;
				CLANG_WARN_CONSTANT_CONVERSION = YES;
				CLANG_WARN_DEPRECATED_OBJC_IMPLEMENTATIONS = YES;
				CLANG_WARN_DIRECT_OBJC_ISA_USAGE = YES_ERROR;
				CLANG_WARN_DOCUMENTATION_COMMENTS = YES;
				CLANG_WARN_EMPTY_BODY = YES;
				CLANG_WARN_ENUM_CONVERSION = YES;
				CLANG_WARN_INFINITE_RECURSION = YES;
				CLANG_WARN_INT_CONVERSION = YES;
				CLANG_WARN_NON_LITERAL_NULL_CONVERSION = YES;
				CLANG_WARN_OBJC_IMPLICIT_RETAIN_SELF = YES;
				CLANG_WARN_OBJC_LITERAL_CONVERSION = YES;
				CLANG_WARN_OBJC_ROOT_CLASS = YES_ERROR;
				CLANG_WARN_QUOTED_INCLUDE_IN_FRAMEWORK_HEADER = YES;
				CLANG_WARN_RANGE_LOOP_ANALYSIS = YES;
				CLANG_WARN_STRICT_PROTOTYPES = YES;
				CLANG_WARN_SUSPICIOUS_MOVE = YES;
				CLANG_WARN_UNGUARDED_AVAILABILITY = YES_AGGRESSIVE;
				CLANG_WARN_UNREACHABLE_CODE = YES;
				CLANG_WARN__DUPLICATE_METHOD_MATCH = YES;
				COPY_PHASE_STRIP = NO;
				DEBUG_INFORMATION_FORMAT = dwarf;
				ENABLE_STRICT_OBJC_MSGSEND = YES;
				ENABLE_TESTABILITY = YES;
				GCC_C_LANGUAGE_STANDARD = gnu11;
				GCC_DYNAMIC_NO_PIC = NO;
				GCC_NO_COMMON_BLOCKS = YES;
				GCC_OPTIMIZATION_LEVEL = 0;
				GCC_PREPROCESSOR_DEFINITIONS = (
					"DEBUG=1",
					"$(inherited)",
				);
				GCC_WARN_64_TO_32_BIT_CONVERSION = YES;
				GCC_WARN_ABOUT_RETURN_TYPE = YES_ERROR;
				GCC_WARN_UNDECLARED_SELECTOR = YES;
				GCC_WARN_UNINITIALIZED_AUTOS = YES_AGGRESSIVE;
				GCC_WARN_UNUSED_FUNCTION = YES;
				GCC_WARN_UNUSED_VARIABLE = YES;
				IPHONEOS_DEPLOYMENT_TARGET = 14.4;
				MTL_ENABLE_DEBUG_INFO = INCLUDE_SOURCE;
				MTL_FAST_MATH = YES;
				ONLY_ACTIVE_ARCH = YES;
				SDKROOT = iphoneos;
				SWIFT_ACTIVE_COMPILATION_CONDITIONS = DEBUG;
				SWIFT_OPTIMIZATION_LEVEL = "-Onone";
			};
			name = Debug;
		};
		BD4F3E402741D96000B42142 /* Release */ = {
			isa = XCBuildConfiguration;
			buildSettings = {
				ALWAYS_SEARCH_USER_PATHS = NO;
				CLANG_ANALYZER_NONNULL = YES;
				CLANG_ANALYZER_NUMBER_OBJECT_CONVERSION = YES_AGGRESSIVE;
				CLANG_CXX_LANGUAGE_STANDARD = "gnu++14";
				CLANG_CXX_LIBRARY = "libc++";
				CLANG_ENABLE_MODULES = YES;
				CLANG_ENABLE_OBJC_ARC = YES;
				CLANG_ENABLE_OBJC_WEAK = YES;
				CLANG_WARN_BLOCK_CAPTURE_AUTORELEASING = YES;
				CLANG_WARN_BOOL_CONVERSION = YES;
				CLANG_WARN_COMMA = YES;
				CLANG_WARN_CONSTANT_CONVERSION = YES;
				CLANG_WARN_DEPRECATED_OBJC_IMPLEMENTATIONS = YES;
				CLANG_WARN_DIRECT_OBJC_ISA_USAGE = YES_ERROR;
				CLANG_WARN_DOCUMENTATION_COMMENTS = YES;
				CLANG_WARN_EMPTY_BODY = YES;
				CLANG_WARN_ENUM_CONVERSION = YES;
				CLANG_WARN_INFINITE_RECURSION = YES;
				CLANG_WARN_INT_CONVERSION = YES;
				CLANG_WARN_NON_LITERAL_NULL_CONVERSION = YES;
				CLANG_WARN_OBJC_IMPLICIT_RETAIN_SELF = YES;
				CLANG_WARN_OBJC_LITERAL_CONVERSION = YES;
				CLANG_WARN_OBJC_ROOT_CLASS = YES_ERROR;
				CLANG_WARN_QUOTED_INCLUDE_IN_FRAMEWORK_HEADER = YES;
				CLANG_WARN_RANGE_LOOP_ANALYSIS = YES;
				CLANG_WARN_STRICT_PROTOTYPES = YES;
				CLANG_WARN_SUSPICIOUS_MOVE = YES;
				CLANG_WARN_UNGUARDED_AVAILABILITY = YES_AGGRESSIVE;
				CLANG_WARN_UNREACHABLE_CODE = YES;
				CLANG_WARN__DUPLICATE_METHOD_MATCH = YES;
				COPY_PHASE_STRIP = NO;
				DEBUG_INFORMATION_FORMAT = "dwarf-with-dsym";
				ENABLE_NS_ASSERTIONS = NO;
				ENABLE_STRICT_OBJC_MSGSEND = YES;
				GCC_C_LANGUAGE_STANDARD = gnu11;
				GCC_NO_COMMON_BLOCKS = YES;
				GCC_WARN_64_TO_32_BIT_CONVERSION = YES;
				GCC_WARN_ABOUT_RETURN_TYPE = YES_ERROR;
				GCC_WARN_UNDECLARED_SELECTOR = YES;
				GCC_WARN_UNINITIALIZED_AUTOS = YES_AGGRESSIVE;
				GCC_WARN_UNUSED_FUNCTION = YES;
				GCC_WARN_UNUSED_VARIABLE = YES;
				IPHONEOS_DEPLOYMENT_TARGET = 14.4;
				MTL_ENABLE_DEBUG_INFO = NO;
				MTL_FAST_MATH = YES;
				SDKROOT = iphoneos;
				SWIFT_COMPILATION_MODE = wholemodule;
				SWIFT_OPTIMIZATION_LEVEL = "-O";
				VALIDATE_PRODUCT = YES;
			};
			name = Release;
		};
		BD4F3E422741D96000B42142 /* Debug */ = {
			isa = XCBuildConfiguration;
			buildSettings = {
				ASSETCATALOG_COMPILER_APPICON_NAME = AppIcon;
				ASSETCATALOG_COMPILER_GLOBAL_ACCENT_COLOR_NAME = AccentColor;
				CODE_SIGN_STYLE = Automatic;
				INFOPLIST_FILE = CoreMLDemo/Info.plist;
				LD_RUNPATH_SEARCH_PATHS = (
					"$(inherited)",
					"@executable_path/Frameworks",
				);
				PRODUCT_BUNDLE_IDENTIFIER = com.falconapps.CoreMLDemo;
				PRODUCT_NAME = "$(TARGET_NAME)";
				SWIFT_VERSION = 5.0;
				TARGETED_DEVICE_FAMILY = "1,2";
			};
			name = Debug;
		};
		BD4F3E432741D96000B42142 /* Release */ = {
			isa = XCBuildConfiguration;
			buildSettings = {
				ASSETCATALOG_COMPILER_APPICON_NAME = AppIcon;
				ASSETCATALOG_COMPILER_GLOBAL_ACCENT_COLOR_NAME = AccentColor;
				CODE_SIGN_STYLE = Automatic;
				INFOPLIST_FILE = CoreMLDemo/Info.plist;
				LD_RUNPATH_SEARCH_PATHS = (
					"$(inherited)",
					"@executable_path/Frameworks",
				);
				PRODUCT_BUNDLE_IDENTIFIER = com.falconapps.CoreMLDemo;
				PRODUCT_NAME = "$(TARGET_NAME)";
				SWIFT_VERSION = 5.0;
				TARGETED_DEVICE_FAMILY = "1,2";
			};
			name = Release;
		};
		BD4F3E452741D96000B42142 /* Debug */ = {
			isa = XCBuildConfiguration;
			buildSettings = {
				ALWAYS_EMBED_SWIFT_STANDARD_LIBRARIES = YES;
				BUNDLE_LOADER = "$(TEST_HOST)";
				CODE_SIGN_STYLE = Automatic;
				INFOPLIST_FILE = CoreMLDemoTests/Info.plist;
				IPHONEOS_DEPLOYMENT_TARGET = 14.4;
				LD_RUNPATH_SEARCH_PATHS = (
					"$(inherited)",
					"@executable_path/Frameworks",
					"@loader_path/Frameworks",
				);
				PRODUCT_BUNDLE_IDENTIFIER = com.falconapps.CoreMLDemoTests;
				PRODUCT_NAME = "$(TARGET_NAME)";
				SWIFT_VERSION = 5.0;
				TARGETED_DEVICE_FAMILY = "1,2";
				TEST_HOST = "$(BUILT_PRODUCTS_DIR)/CoreMLDemo.app/CoreMLDemo";
			};
			name = Debug;
		};
		BD4F3E462741D96000B42142 /* Release */ = {
			isa = XCBuildConfiguration;
			buildSettings = {
				ALWAYS_EMBED_SWIFT_STANDARD_LIBRARIES = YES;
				BUNDLE_LOADER = "$(TEST_HOST)";
				CODE_SIGN_STYLE = Automatic;
				INFOPLIST_FILE = CoreMLDemoTests/Info.plist;
				IPHONEOS_DEPLOYMENT_TARGET = 14.4;
				LD_RUNPATH_SEARCH_PATHS = (
					"$(inherited)",
					"@executable_path/Frameworks",
					"@loader_path/Frameworks",
				);
				PRODUCT_BUNDLE_IDENTIFIER = com.falconapps.CoreMLDemoTests;
				PRODUCT_NAME = "$(TARGET_NAME)";
				SWIFT_VERSION = 5.0;
				TARGETED_DEVICE_FAMILY = "1,2";
				TEST_HOST = "$(BUILT_PRODUCTS_DIR)/CoreMLDemo.app/CoreMLDemo";
			};
			name = Release;
		};
		BD4F3E482741D96000B42142 /* Debug */ = {
			isa = XCBuildConfiguration;
			buildSettings = {
				ALWAYS_EMBED_SWIFT_STANDARD_LIBRARIES = YES;
				CODE_SIGN_STYLE = Automatic;
				INFOPLIST_FILE = CoreMLDemoUITests/Info.plist;
				LD_RUNPATH_SEARCH_PATHS = (
					"$(inherited)",
					"@executable_path/Frameworks",
					"@loader_path/Frameworks",
				);
				PRODUCT_BUNDLE_IDENTIFIER = com.falconapps.CoreMLDemoUITests;
				PRODUCT_NAME = "$(TARGET_NAME)";
				SWIFT_VERSION = 5.0;
				TARGETED_DEVICE_FAMILY = "1,2";
				TEST_TARGET_NAME = CoreMLDemo;
			};
			name = Debug;
		};
		BD4F3E492741D96000B42142 /* Release */ = {
			isa = XCBuildConfiguration;
			buildSettings = {
				ALWAYS_EMBED_SWIFT_STANDARD_LIBRARIES = YES;
				CODE_SIGN_STYLE = Automatic;
				INFOPLIST_FILE = CoreMLDemoUITests/Info.plist;
				LD_RUNPATH_SEARCH_PATHS = (
					"$(inherited)",
					"@executable_path/Frameworks",
					"@loader_path/Frameworks",
				);
				PRODUCT_BUNDLE_IDENTIFIER = com.falconapps.CoreMLDemoUITests;
				PRODUCT_NAME = "$(TARGET_NAME)";
				SWIFT_VERSION = 5.0;
				TARGETED_DEVICE_FAMILY = "1,2";
				TEST_TARGET_NAME = CoreMLDemo;
			};
			name = Release;
		};
/* End XCBuildConfiguration section */

/* Begin XCConfigurationList section */
		BD4F3E122741D95F00B42142 /* Build configuration list for PBXProject "CoreMLDemo" */ = {
			isa = XCConfigurationList;
			buildConfigurations = (
				BD4F3E3F2741D96000B42142 /* Debug */,
				BD4F3E402741D96000B42142 /* Release */,
			);
			defaultConfigurationIsVisible = 0;
			defaultConfigurationName = Release;
		};
		BD4F3E412741D96000B42142 /* Build configuration list for PBXNativeTarget "CoreMLDemo" */ = {
			isa = XCConfigurationList;
			buildConfigurations = (
				BD4F3E422741D96000B42142 /* Debug */,
				BD4F3E432741D96000B42142 /* Release */,
			);
			defaultConfigurationIsVisible = 0;
			defaultConfigurationName = Release;
		};
		BD4F3E442741D96000B42142 /* Build configuration list for PBXNativeTarget "CoreMLDemoTests" */ = {
			isa = XCConfigurationList;
			buildConfigurations = (
				BD4F3E452741D96000B42142 /* Debug */,
				BD4F3E462741D96000B42142 /* Release */,
			);
			defaultConfigurationIsVisible = 0;
			defaultConfigurationName = Release;
		};
		BD4F3E472741D96000B42142 /* Build configuration list for PBXNativeTarget "CoreMLDemoUITests" */ = {
			isa = XCConfigurationList;
			buildConfigurations = (
				BD4F3E482741D96000B42142 /* Debug */,
				BD4F3E492741D96000B42142 /* Release */,
			);
			defaultConfigurationIsVisible = 0;
			defaultConfigurationName = Release;
		};
/* End XCConfigurationList section */
	};
	rootObject = BD4F3E0F2741D95F00B42142 /* Project object */;
}
